
Microsoft Visual Studio Solution File, Format Version 12.00
# Visual Studio Version 16
VisualStudioVersion = 16.0.30804.86
MinimumVisualStudioVersion = 10.0.40219.1
Project("{888888A0-9F3D-457C-B088-3A5042F75D52}") = "FlaskPackages", "FlaskPackages\FlaskPackages.pyproj", "{54FD3EE2-9B50-465A-8CF7-67EAB930238A}"
EndProject
Global
	GlobalSection(SolutionConfigurationPlatforms) = preSolution
		Debug|Any CPU = Debug|Any CPU
		Release|Any CPU = Release|Any CPU
	EndGlobalSection
	GlobalSection(ProjectConfigurationPlatforms) = postSolution
		{54FD3EE2-9B50-465A-8CF7-67EAB930238A}.Debug|Any CPU.ActiveCfg = Debug|Any CPU
		{54FD3EE2-9B50-465A-8CF7-67EAB930238A}.Debug|Any CPU.Build.0 = Debug|Any CPU
		{54FD3EE2-9B50-465A-8CF7-67EAB930238A}.Release|Any CPU.ActiveCfg = Release|Any CPU
		{54FD3EE2-9B50-465A-8CF7-67EAB930238A}.Release|Any CPU.Build.0 = Release|Any CPU
	EndGlobalSection
	GlobalSection(SolutionProperties) = preSolution
		HideSolutionNode = FALSE
	EndGlobalSection
	GlobalSection(ExtensibilityGlobals) = postSolution
		SolutionGuid = {2E5F16E0-65F7-446F-8B42-6ECF1BA0ECD5}
	EndGlobalSection
EndGlobal
